
Microsoft Visual Studio Solution File, Format Version 12.00
# Visual Studio Version 16
VisualStudioVersion = 16.0.30002.166
MinimumVisualStudioVersion = 15.0.26124.0
Project("{9A19103F-16F7-4668-BE54-9A1E7A4F7556}") = "CaWorkshop.WebUI", "CaWorkshop.WebUI\CaWorkshop.WebUI.csproj", "{732C6B6A-66B0-41A2-8C7C-2A0CDDBB99A6}"
EndProject
Project("{FAE04EC0-301F-11D3-BF4B-00C04F79EFBC}") = "CaWorkshop.Domain", "CaWorkshop.Domain\CaWorkshop.Domain.csproj", "{1EF0917E-0A71-451C-ACB4-766A82CE6105}"
EndProject
Project("{FAE04EC0-301F-11D3-BF4B-00C04F79EFBC}") = "CaWorkshop.Application", "CaWorkshop.Application\CaWorkshop.Application.csproj", "{2BDE64E6-33EC-4303-B609-FA02E0D7BF89}"
EndProject
Project("{FAE04EC0-301F-11D3-BF4B-00C04F79EFBC}") = "CaWorkshop.Infrastructure", "CaWorkshop.Infrastructure\CaWorkshop.Infrastructure.csproj", "{048E2C8C-0D82-4634-A0F9-91CF450348E7}"
EndProject
Project("{FAE04EC0-301F-11D3-BF4B-00C04F79EFBC}") = "CaWorkshop.Application.UnitTests", "CaWorkshop.Application.UnitTests\CaWorkshop.Application.UnitTests.csproj", "{866C0B86-C105-4BB5-8C16-B5EE6743C593}"
EndProject
Global
	GlobalSection(SolutionConfigurationPlatforms) = preSolution
		Debug|Any CPU = Debug|Any CPU
		Debug|x64 = Debug|x64
		Debug|x86 = Debug|x86
		Release|Any CPU = Release|Any CPU
		Release|x64 = Release|x64
		Release|x86 = Release|x86
	EndGlobalSection
	GlobalSection(ProjectConfigurationPlatforms) = postSolution
		{732C6B6A-66B0-41A2-8C7C-2A0CDDBB99A6}.Debug|Any CPU.ActiveCfg = Debug|Any CPU
		{732C6B6A-66B0-41A2-8C7C-2A0CDDBB99A6}.Debug|Any CPU.Build.0 = Debug|Any CPU
		{732C6B6A-66B0-41A2-8C7C-2A0CDDBB99A6}.Debug|x64.ActiveCfg = Debug|Any CPU
		{732C6B6A-66B0-41A2-8C7C-2A0CDDBB99A6}.Debug|x64.Build.0 = Debug|Any CPU
		{732C6B6A-66B0-41A2-8C7C-2A0CDDBB99A6}.Debug|x86.ActiveCfg = Debug|Any CPU
		{732C6B6A-66B0-41A2-8C7C-2A0CDDBB99A6}.Debug|x86.Build.0 = Debug|Any CPU
		{732C6B6A-66B0-41A2-8C7C-2A0CDDBB99A6}.Release|Any CPU.ActiveCfg = Release|Any CPU
		{732C6B6A-66B0-41A2-8C7C-2A0CDDBB99A6}.Release|Any CPU.Build.0 = Release|Any CPU
		{732C6B6A-66B0-41A2-8C7C-2A0CDDBB99A6}.Release|x64.ActiveCfg = Release|Any CPU
		{732C6B6A-66B0-41A2-8C7C-2A0CDDBB99A6}.Release|x64.Build.0 = Release|Any CPU
		{732C6B6A-66B0-41A2-8C7C-2A0CDDBB99A6}.Release|x86.ActiveCfg = Release|Any CPU
		{732C6B6A-66B0-41A2-8C7C-2A0CDDBB99A6}.Release|x86.Build.0 = Release|Any CPU
		{1EF0917E-0A71-451C-ACB4-766A82CE6105}.Debug|Any CPU.ActiveCfg = Debug|Any CPU
		{1EF0917E-0A71-451C-ACB4-766A82CE6105}.Debug|Any CPU.Build.0 = Debug|Any CPU
		{1EF0917E-0A71-451C-ACB4-766A82CE6105}.Debug|x64.ActiveCfg = Debug|Any CPU
		{1EF0917E-0A71-451C-ACB4-766A82CE6105}.Debug|x64.Build.0 = Debug|Any CPU
		{1EF0917E-0A71-451C-ACB4-766A82CE6105}.Debug|x86.ActiveCfg = Debug|Any CPU
		{1EF0917E-0A71-451C-ACB4-766A82CE6105}.Debug|x86.Build.0 = Debug|Any CPU
		{1EF0917E-0A71-451C-ACB4-766A82CE6105}.Release|Any CPU.ActiveCfg = Release|Any CPU
		{1EF0917E-0A71-451C-ACB4-766A82CE6105}.Release|Any CPU.Build.0 = Release|Any CPU
		{1EF0917E-0A71-451C-ACB4-766A82CE6105}.Release|x64.ActiveCfg = Release|Any CPU
		{1EF0917E-0A71-451C-ACB4-766A82CE6105}.Release|x64.Build.0 = Release|Any CPU
		{1EF0917E-0A71-451C-ACB4-766A82CE6105}.Release|x86.ActiveCfg = Release|Any CPU
		{1EF0917E-0A71-451C-ACB4-766A82CE6105}.Release|x86.Build.0 = Release|Any CPU
		{2BDE64E6-33EC-4303-B609-FA02E0D7BF89}.Debug|Any CPU.ActiveCfg = Debug|Any CPU
		{2BDE64E6-33EC-4303-B609-FA02E0D7BF89}.Debug|Any CPU.Build.0 = Debug|Any CPU
		{2BDE64E6-33EC-4303-B609-FA02E0D7BF89}.Debug|x64.ActiveCfg = Debug|Any CPU
		{2BDE64E6-33EC-4303-B609-FA02E0D7BF89}.Debug|x64.Build.0 = Debug|Any CPU
		{2BDE64E6-33EC-4303-B609-FA02E0D7BF89}.Debug|x86.ActiveCfg = Debug|Any CPU
		{2BDE64E6-33EC-4303-B609-FA02E0D7BF89}.Debug|x86.Build.0 = Debug|Any CPU
		{2BDE64E6-33EC-4303-B609-FA02E0D7BF89}.Release|Any CPU.ActiveCfg = Release|Any CPU
		{2BDE64E6-33EC-4303-B609-FA02E0D7BF89}.Release|Any CPU.Build.0 = Release|Any CPU
		{2BDE64E6-33EC-4303-B609-FA02E0D7BF89}.Release|x64.ActiveCfg = Release|Any CPU
		{2BDE64E6-33EC-4303-B609-FA02E0D7BF89}.Release|x64.Build.0 = Release|Any CPU
		{2BDE64E6-33EC-4303-B609-FA02E0D7BF89}.Release|x86.ActiveCfg = Release|Any CPU
		{2BDE64E6-33EC-4303-B609-FA02E0D7BF89}.Release|x86.Build.0 = Release|Any CPU
		{048E2C8C-0D82-4634-A0F9-91CF450348E7}.Debug|Any CPU.ActiveCfg = Debug|Any CPU
		{048E2C8C-0D82-4634-A0F9-91CF450348E7}.Debug|Any CPU.Build.0 = Debug|Any CPU
		{048E2C8C-0D82-4634-A0F9-91CF450348E7}.Debug|x64.ActiveCfg = Debug|Any CPU
		{048E2C8C-0D82-4634-A0F9-91CF450348E7}.Debug|x64.Build.0 = Debug|Any CPU
		{048E2C8C-0D82-4634-A0F9-91CF450348E7}.Debug|x86.ActiveCfg = Debug|Any CPU
		{048E2C8C-0D82-4634-A0F9-91CF450348E7}.Debug|x86.Build.0 = Debug|Any CPU
		{048E2C8C-0D82-4634-A0F9-91CF450348E7}.Release|Any CPU.ActiveCfg = Release|Any CPU
		{048E2C8C-0D82-4634-A0F9-91CF450348E7}.Release|Any CPU.Build.0 = Release|Any CPU
		{048E2C8C-0D82-4634-A0F9-91CF450348E7}.Release|x64.ActiveCfg = Release|Any CPU
		{048E2C8C-0D82-4634-A0F9-91CF450348E7}.Release|x64.Build.0 = Release|Any CPU
		{048E2C8C-0D82-4634-A0F9-91CF450348E7}.Release|x86.ActiveCfg = Release|Any CPU
		{048E2C8C-0D82-4634-A0F9-91CF450348E7}.Release|x86.Build.0 = Release|Any CPU
		{866C0B86-C105-4BB5-8C16-B5EE6743C593}.Debug|Any CPU.ActiveCfg = Debug|Any CPU
		{866C0B86-C105-4BB5-8C16-B5EE6743C593}.Debug|Any CPU.Build.0 = Debug|Any CPU
		{866C0B86-C105-4BB5-8C16-B5EE6743C593}.Debug|x64.ActiveCfg = Debug|Any CPU
		{866C0B86-C105-4BB5-8C16-B5EE6743C593}.Debug|x64.Build.0 = Debug|Any CPU
		{866C0B86-C105-4BB5-8C16-B5EE6743C593}.Debug|x86.ActiveCfg = Debug|Any CPU
		{866C0B86-C105-4BB5-8C16-B5EE6743C593}.Debug|x86.Build.0 = Debug|Any CPU
		{866C0B86-C105-4BB5-8C16-B5EE6743C593}.Release|Any CPU.ActiveCfg = Release|Any CPU
		{866C0B86-C105-4BB5-8C16-B5EE6743C593}.Release|Any CPU.Build.0 = Release|Any CPU
		{866C0B86-C105-4BB5-8C16-B5EE6743C593}.Release|x64.ActiveCfg = Release|Any CPU
		{866C0B86-C105-4BB5-8C16-B5EE6743C593}.Release|x64.Build.0 = Release|Any CPU
		{866C0B86-C105-4BB5-8C16-B5EE6743C593}.Release|x86.ActiveCfg = Release|Any CPU
		{866C0B86-C105-4BB5-8C16-B5EE6743C593}.Release|x86.Build.0 = Release|Any CPU
	EndGlobalSection
	GlobalSection(SolutionProperties) = preSolution
		HideSolutionNode = FALSE
	EndGlobalSection
	GlobalSection(ExtensibilityGlobals) = postSolution
		SolutionGuid = {18B1577A-4B51-4205-A180-226F528BE413}
	EndGlobalSection
EndGlobal
